
Microsoft Visual Studio Solution File, Format Version 12.00
# Visual Studio Version 17
VisualStudioVersion = 17.1.32319.34
MinimumVisualStudioVersion = 10.0.40219.1
Project("{9A19103F-16F7-4668-BE54-9A1E7A4F7556}") = "mnozenie", "mnozenie\mnozenie.csproj", "{DC9097B1-00D9-4199-8033-D95E7B9AEA5F}"
EndProject
Project("{FAE04EC0-301F-11D3-BF4B-00C04F79EFBC}") = "TestProject1", "TestProject1\TestProject1.csproj", "{58B46C36-7CE2-45C3-97A7-D3C6FEDEE008}"
EndProject
Project("{FAE04EC0-301F-11D3-BF4B-00C04F79EFBC}") = "TestProject2", "TestProject2\TestProject2.csproj", "{ECE8BAA9-B855-407A-B844-7FD98CFBBC26}"
EndProject
Global
	GlobalSection(SolutionConfigurationPlatforms) = preSolution
		Debug|Any CPU = Debug|Any CPU
		Release|Any CPU = Release|Any CPU
	EndGlobalSection
	GlobalSection(ProjectConfigurationPlatforms) = postSolution
		{DC9097B1-00D9-4199-8033-D95E7B9AEA5F}.Debug|Any CPU.ActiveCfg = Debug|Any CPU
		{DC9097B1-00D9-4199-8033-D95E7B9AEA5F}.Debug|Any CPU.Build.0 = Debug|Any CPU
		{DC9097B1-00D9-4199-8033-D95E7B9AEA5F}.Release|Any CPU.ActiveCfg = Release|Any CPU
		{DC9097B1-00D9-4199-8033-D95E7B9AEA5F}.Release|Any CPU.Build.0 = Release|Any CPU
		{58B46C36-7CE2-45C3-97A7-D3C6FEDEE008}.Debug|Any CPU.ActiveCfg = Debug|Any CPU
		{58B46C36-7CE2-45C3-97A7-D3C6FEDEE008}.Debug|Any CPU.Build.0 = Debug|Any CPU
		{58B46C36-7CE2-45C3-97A7-D3C6FEDEE008}.Release|Any CPU.ActiveCfg = Release|Any CPU
		{58B46C36-7CE2-45C3-97A7-D3C6FEDEE008}.Release|Any CPU.Build.0 = Release|Any CPU
		{ECE8BAA9-B855-407A-B844-7FD98CFBBC26}.Debug|Any CPU.ActiveCfg = Debug|Any CPU
		{ECE8BAA9-B855-407A-B844-7FD98CFBBC26}.Debug|Any CPU.Build.0 = Debug|Any CPU
		{ECE8BAA9-B855-407A-B844-7FD98CFBBC26}.Release|Any CPU.ActiveCfg = Release|Any CPU
		{ECE8BAA9-B855-407A-B844-7FD98CFBBC26}.Release|Any CPU.Build.0 = Release|Any CPU
	EndGlobalSection
	GlobalSection(SolutionProperties) = preSolution
		HideSolutionNode = FALSE
	EndGlobalSection
	GlobalSection(ExtensibilityGlobals) = postSolution
		SolutionGuid = {6D3DB9D2-FB89-4D7D-907F-071FAEA526F2}
	EndGlobalSection
EndGlobal
